// !$*UTF8*$!
{
	archiveVersion = 1;
	classes = {
	};
	objectVersion = 77;
	objects = {

/* Begin PBXBuildFile section */
		070258A32D30FEC700065369 /* MainView.swift in Sources */ = {isa = PBXBuildFile; fileRef = 070258A22D30FEC700065369 /* MainView.swift */; };
		070258B22D3107C200065369 /* CalendarView.swift in Sources */ = {isa = PBXBuildFile; fileRef = 070258B12D3107C200065369 /* CalendarView.swift */; };
		070258B42D3107C900065369 /* CalendarViewController.swift in Sources */ = {isa = PBXBuildFile; fileRef = 070258B32D3107C900065369 /* CalendarViewController.swift */; };
		070258B82D31083D00065369 /* AddClothView.swift in Sources */ = {isa = PBXBuildFile; fileRef = 070258B72D31083D00065369 /* AddClothView.swift */; };
		070258BA2D31084300065369 /* AddClothViewController.swift in Sources */ = {isa = PBXBuildFile; fileRef = 070258B92D31084300065369 /* AddClothViewController.swift */; };
		070258BE2D31085900065369 /* ClosetView.swift in Sources */ = {isa = PBXBuildFile; fileRef = 070258BD2D31085900065369 /* ClosetView.swift */; };
		070258C02D31086A00065369 /* ClosetViewController.swift in Sources */ = {isa = PBXBuildFile; fileRef = 070258BF2D31086A00065369 /* ClosetViewController.swift */; };
		076FAB1D2D2E5DD800FF3979 /* Then in Frameworks */ = {isa = PBXBuildFile; productRef = 076FAB1C2D2E5DD800FF3979 /* Then */; };
		076FAB202D2E5DE700FF3979 /* SnapKit in Frameworks */ = {isa = PBXBuildFile; productRef = 076FAB1F2D2E5DE700FF3979 /* SnapKit */; };
		076FAB262D2E60A500FF3979 /* KakaoSDK in Frameworks */ = {isa = PBXBuildFile; productRef = 076FAB252D2E60A500FF3979 /* KakaoSDK */; };
		076FAB282D2E60A500FF3979 /* KakaoSDKAuth in Frameworks */ = {isa = PBXBuildFile; productRef = 076FAB272D2E60A500FF3979 /* KakaoSDKAuth */; };
		076FAB2A2D2E60A500FF3979 /* KakaoSDKCommon in Frameworks */ = {isa = PBXBuildFile; productRef = 076FAB292D2E60A500FF3979 /* KakaoSDKCommon */; };
		076FAB2C2D2E60A500FF3979 /* KakaoSDKUser in Frameworks */ = {isa = PBXBuildFile; productRef = 076FAB2B2D2E60A500FF3979 /* KakaoSDKUser */; };
		076FAB3F2D2E6E0200FF3979 /* AppDelegate.swift in Sources */ = {isa = PBXBuildFile; fileRef = 076FAB2F2D2E6E0200FF3979 /* AppDelegate.swift */; };
		076FAB402D2E6E0200FF3979 /* SceneDelegate.swift in Sources */ = {isa = PBXBuildFile; fileRef = 076FAB302D2E6E0200FF3979 /* SceneDelegate.swift */; };
		076FAB422D2E6E0200FF3979 /* Assets.xcassets in Resources */ = {isa = PBXBuildFile; fileRef = 076FAB322D2E6E0200FF3979 /* Assets.xcassets */; };
		076FAB4A2D2E748B00FF3979 /* LoginView.swift in Sources */ = {isa = PBXBuildFile; fileRef = 076FAB492D2E748B00FF3979 /* LoginView.swift */; };
		076FAB4E2D2EBB3A00FF3979 /* KakaoAuthService.swift in Sources */ = {isa = PBXBuildFile; fileRef = 076FAB4D2D2EBB3A00FF3979 /* KakaoAuthService.swift */; };
		076FAB5A2D3020D800FF3979 /* LoginViewController.swift in Sources */ = {isa = PBXBuildFile; fileRef = 076FAB572D3020D800FF3979 /* LoginViewController.swift */; };
		076FAB5B2D3020D800FF3979 /* MainViewController.swift in Sources */ = {isa = PBXBuildFile; fileRef = 076FAB582D3020D800FF3979 /* MainViewController.swift */; };
		07E1CADF2D3646C600F86BB8 /* CombineMoya in Frameworks */ = {isa = PBXBuildFile; productRef = 07E1CADE2D3646C600F86BB8 /* CombineMoya */; };
		07E1CAE12D3646C600F86BB8 /* Moya in Frameworks */ = {isa = PBXBuildFile; productRef = 07E1CAE02D3646C600F86BB8 /* Moya */; };
		07E1CAE32D3646C600F86BB8 /* ReactiveMoya in Frameworks */ = {isa = PBXBuildFile; productRef = 07E1CAE22D3646C600F86BB8 /* ReactiveMoya */; };
		07E1CAE52D3646C600F86BB8 /* RxMoya in Frameworks */ = {isa = PBXBuildFile; productRef = 07E1CAE42D3646C600F86BB8 /* RxMoya */; };
		07E1CB392D364BDA00F86BB8 /* Pretendard-Medium.otf in Resources */ = {isa = PBXBuildFile; fileRef = 07E1CB352D364BDA00F86BB8 /* Pretendard-Medium.otf */; };
		07E1CB3A2D364BDA00F86BB8 /* Pretendard-Thin.otf in Resources */ = {isa = PBXBuildFile; fileRef = 07E1CB382D364BDA00F86BB8 /* Pretendard-Thin.otf */; };
		07E1CB3B2D364BDA00F86BB8 /* Pretendard-Black.otf in Resources */ = {isa = PBXBuildFile; fileRef = 07E1CB302D364BDA00F86BB8 /* Pretendard-Black.otf */; };
		07E1CB3C2D364BDA00F86BB8 /* Pretendard-ExtraBold.otf in Resources */ = {isa = PBXBuildFile; fileRef = 07E1CB322D364BDA00F86BB8 /* Pretendard-ExtraBold.otf */; };
		07E1CB3D2D364BDA00F86BB8 /* Pretendard-Bold.otf in Resources */ = {isa = PBXBuildFile; fileRef = 07E1CB312D364BDA00F86BB8 /* Pretendard-Bold.otf */; };
		07E1CB3E2D364BDA00F86BB8 /* Pretendard-Light.otf in Resources */ = {isa = PBXBuildFile; fileRef = 07E1CB342D364BDA00F86BB8 /* Pretendard-Light.otf */; };
		07E1CB3F2D364BDA00F86BB8 /* Pretendard-ExtraLight.otf in Resources */ = {isa = PBXBuildFile; fileRef = 07E1CB332D364BDA00F86BB8 /* Pretendard-ExtraLight.otf */; };
		07E1CB402D364BDA00F86BB8 /* Pretendard-SemiBold.otf in Resources */ = {isa = PBXBuildFile; fileRef = 07E1CB372D364BDA00F86BB8 /* Pretendard-SemiBold.otf */; };
		07E1CB412D364BDA00F86BB8 /* Pretendard-Regular.otf in Resources */ = {isa = PBXBuildFile; fileRef = 07E1CB362D364BDA00F86BB8 /* Pretendard-Regular.otf */; };
		07E1CB442D3662D900F86BB8 /* UIFont+Extensions.swift in Sources */ = {isa = PBXBuildFile; fileRef = 07E1CB432D3662D900F86BB8 /* UIFont+Extensions.swift */; };
		07E1CB472D3662EC00F86BB8 /* UIColor+Extension.swift in Sources */ = {isa = PBXBuildFile; fileRef = 07E1CB452D3662EC00F86BB8 /* UIColor+Extension.swift */; };
		07E1CB482D3662EC00F86BB8 /* UIImage+Extensions.swift in Sources */ = {isa = PBXBuildFile; fileRef = 07E1CB462D3662EC00F86BB8 /* UIImage+Extensions.swift */; };
		07E1CB4B2D3668CE00F86BB8 /* Constants.swift in Sources */ = {isa = PBXBuildFile; fileRef = 07E1CB4A2D3668CE00F86BB8 /* Constants.swift */; };
		07E1CB4F2D36721900F86BB8 /* CustomNavigationBar.swift in Sources */ = {isa = PBXBuildFile; fileRef = 07E1CB4E2D36721900F86BB8 /* CustomNavigationBar.swift */; };
		07E1CB582D3679A800F86BB8 /* CustomTextField.swift in Sources */ = {isa = PBXBuildFile; fileRef = 07E1CB572D3679A800F86BB8 /* CustomTextField.swift */; };
		07E1CB5F2D36A10000F86BB8 /* CustomButton.swift in Sources */ = {isa = PBXBuildFile; fileRef = 07E1CB5D2D36A10000F86BB8 /* CustomButton.swift */; };
		07E1CB602D36A10000F86BB8 /* CustomButtonTextField.swift in Sources */ = {isa = PBXBuildFile; fileRef = 07E1CB5E2D36A10000F86BB8 /* CustomButtonTextField.swift */; };
		07E1CB662D36A63200F86BB8 /* ViewController.swift in Sources */ = {isa = PBXBuildFile; fileRef = 07E1CB652D36A63200F86BB8 /* ViewController.swift */; };
		07E1CB682D36B47C00F86BB8 /* MainViewModel.swift in Sources */ = {isa = PBXBuildFile; fileRef = 07E1CB672D36B47C00F86BB8 /* MainViewModel.swift */; };
		07E1CB912D3814AA00F86BB8 /* LaunchScreen.storyboard in Resources */ = {isa = PBXBuildFile; fileRef = 07E1CB902D3814AA00F86BB8 /* LaunchScreen.storyboard */; };
		A6548E532D3F47DE00F79B66 /* WeatherAPI.swift in Sources */ = {isa = PBXBuildFile; fileRef = A6548E522D3F47DE00F79B66 /* WeatherAPI.swift */; };
		A6548E562D3F485B00F79B66 /* Kingfisher in Frameworks */ = {isa = PBXBuildFile; productRef = A6548E552D3F485B00F79B66 /* Kingfisher */; };
		A6D636A82D477E5A004D1463 /* ProfileView.swift in Sources */ = {isa = PBXBuildFile; fileRef = A6D636A52D477E5A004D1463 /* ProfileView.swift */; };
		A6D636A92D477E5A004D1463 /* ProfileViewController.swift in Sources */ = {isa = PBXBuildFile; fileRef = A6D636A62D477E5A004D1463 /* ProfileViewController.swift */; };
		A6D636AA2D477E5A004D1463 /* ProfileModel.swift in Sources */ = {isa = PBXBuildFile; fileRef = A6D636A72D477E5A004D1463 /* ProfileModel.swift */; };
/* End PBXBuildFile section */

/* Begin PBXFileReference section */
		070258A12D30DD0E00065369 /* Clokey.entitlements */ = {isa = PBXFileReference; lastKnownFileType = text.plist.entitlements; path = Clokey.entitlements; sourceTree = "<group>"; };
		070258A22D30FEC700065369 /* MainView.swift */ = {isa = PBXFileReference; lastKnownFileType = sourcecode.swift; path = MainView.swift; sourceTree = "<group>"; };
		070258B12D3107C200065369 /* CalendarView.swift */ = {isa = PBXFileReference; lastKnownFileType = sourcecode.swift; path = CalendarView.swift; sourceTree = "<group>"; };
		070258B32D3107C900065369 /* CalendarViewController.swift */ = {isa = PBXFileReference; lastKnownFileType = sourcecode.swift; path = CalendarViewController.swift; sourceTree = "<group>"; };
		070258B72D31083D00065369 /* AddClothView.swift */ = {isa = PBXFileReference; lastKnownFileType = sourcecode.swift; path = AddClothView.swift; sourceTree = "<group>"; };
		070258B92D31084300065369 /* AddClothViewController.swift */ = {isa = PBXFileReference; lastKnownFileType = sourcecode.swift; path = AddClothViewController.swift; sourceTree = "<group>"; };
		070258BD2D31085900065369 /* ClosetView.swift */ = {isa = PBXFileReference; lastKnownFileType = sourcecode.swift; path = ClosetView.swift; sourceTree = "<group>"; };
		070258BF2D31086A00065369 /* ClosetViewController.swift */ = {isa = PBXFileReference; lastKnownFileType = sourcecode.swift; path = ClosetViewController.swift; sourceTree = "<group>"; };
		076FAB2F2D2E6E0200FF3979 /* AppDelegate.swift */ = {isa = PBXFileReference; lastKnownFileType = sourcecode.swift; path = AppDelegate.swift; sourceTree = "<group>"; };
		076FAB302D2E6E0200FF3979 /* SceneDelegate.swift */ = {isa = PBXFileReference; lastKnownFileType = sourcecode.swift; path = SceneDelegate.swift; sourceTree = "<group>"; };
		076FAB322D2E6E0200FF3979 /* Assets.xcassets */ = {isa = PBXFileReference; lastKnownFileType = folder.assetcatalog; path = Assets.xcassets; sourceTree = "<group>"; };
		076FAB332D2E6E0200FF3979 /* Config.xcconfig */ = {isa = PBXFileReference; lastKnownFileType = text.xcconfig; path = Config.xcconfig; sourceTree = "<group>"; };
		076FAB3C2D2E6E0200FF3979 /* Info.plist */ = {isa = PBXFileReference; lastKnownFileType = text.plist.xml; path = Info.plist; sourceTree = "<group>"; };
		076FAB492D2E748B00FF3979 /* LoginView.swift */ = {isa = PBXFileReference; lastKnownFileType = sourcecode.swift; path = LoginView.swift; sourceTree = "<group>"; };
		076FAB4D2D2EBB3A00FF3979 /* KakaoAuthService.swift */ = {isa = PBXFileReference; lastKnownFileType = sourcecode.swift; path = KakaoAuthService.swift; sourceTree = "<group>"; };
		076FAB572D3020D800FF3979 /* LoginViewController.swift */ = {isa = PBXFileReference; lastKnownFileType = sourcecode.swift; path = LoginViewController.swift; sourceTree = "<group>"; };
		076FAB582D3020D800FF3979 /* MainViewController.swift */ = {isa = PBXFileReference; lastKnownFileType = sourcecode.swift; path = MainViewController.swift; sourceTree = "<group>"; };
		07E1CB302D364BDA00F86BB8 /* Pretendard-Black.otf */ = {isa = PBXFileReference; lastKnownFileType = file; path = "Pretendard-Black.otf"; sourceTree = "<group>"; };
		07E1CB312D364BDA00F86BB8 /* Pretendard-Bold.otf */ = {isa = PBXFileReference; lastKnownFileType = file; path = "Pretendard-Bold.otf"; sourceTree = "<group>"; };
		07E1CB322D364BDA00F86BB8 /* Pretendard-ExtraBold.otf */ = {isa = PBXFileReference; lastKnownFileType = file; path = "Pretendard-ExtraBold.otf"; sourceTree = "<group>"; };
		07E1CB332D364BDA00F86BB8 /* Pretendard-ExtraLight.otf */ = {isa = PBXFileReference; lastKnownFileType = file; path = "Pretendard-ExtraLight.otf"; sourceTree = "<group>"; };
		07E1CB342D364BDA00F86BB8 /* Pretendard-Light.otf */ = {isa = PBXFileReference; lastKnownFileType = file; path = "Pretendard-Light.otf"; sourceTree = "<group>"; };
		07E1CB352D364BDA00F86BB8 /* Pretendard-Medium.otf */ = {isa = PBXFileReference; lastKnownFileType = file; path = "Pretendard-Medium.otf"; sourceTree = "<group>"; };
		07E1CB362D364BDA00F86BB8 /* Pretendard-Regular.otf */ = {isa = PBXFileReference; lastKnownFileType = file; path = "Pretendard-Regular.otf"; sourceTree = "<group>"; };
		07E1CB372D364BDA00F86BB8 /* Pretendard-SemiBold.otf */ = {isa = PBXFileReference; lastKnownFileType = file; path = "Pretendard-SemiBold.otf"; sourceTree = "<group>"; };
		07E1CB382D364BDA00F86BB8 /* Pretendard-Thin.otf */ = {isa = PBXFileReference; lastKnownFileType = file; path = "Pretendard-Thin.otf"; sourceTree = "<group>"; };
		07E1CB432D3662D900F86BB8 /* UIFont+Extensions.swift */ = {isa = PBXFileReference; lastKnownFileType = sourcecode.swift; path = "UIFont+Extensions.swift"; sourceTree = "<group>"; };
		07E1CB452D3662EC00F86BB8 /* UIColor+Extension.swift */ = {isa = PBXFileReference; lastKnownFileType = sourcecode.swift; path = "UIColor+Extension.swift"; sourceTree = "<group>"; };
		07E1CB462D3662EC00F86BB8 /* UIImage+Extensions.swift */ = {isa = PBXFileReference; lastKnownFileType = sourcecode.swift; path = "UIImage+Extensions.swift"; sourceTree = "<group>"; };
		07E1CB4A2D3668CE00F86BB8 /* Constants.swift */ = {isa = PBXFileReference; lastKnownFileType = sourcecode.swift; path = Constants.swift; sourceTree = "<group>"; };
		07E1CB4E2D36721900F86BB8 /* CustomNavigationBar.swift */ = {isa = PBXFileReference; lastKnownFileType = sourcecode.swift; path = CustomNavigationBar.swift; sourceTree = "<group>"; };
		07E1CB572D3679A800F86BB8 /* CustomTextField.swift */ = {isa = PBXFileReference; lastKnownFileType = sourcecode.swift; path = CustomTextField.swift; sourceTree = "<group>"; };
		07E1CB5D2D36A10000F86BB8 /* CustomButton.swift */ = {isa = PBXFileReference; lastKnownFileType = sourcecode.swift; path = CustomButton.swift; sourceTree = "<group>"; };
		07E1CB5E2D36A10000F86BB8 /* CustomButtonTextField.swift */ = {isa = PBXFileReference; lastKnownFileType = sourcecode.swift; path = CustomButtonTextField.swift; sourceTree = "<group>"; };
		07E1CB652D36A63200F86BB8 /* ViewController.swift */ = {isa = PBXFileReference; lastKnownFileType = sourcecode.swift; path = ViewController.swift; sourceTree = "<group>"; };
		07E1CB672D36B47C00F86BB8 /* MainViewModel.swift */ = {isa = PBXFileReference; lastKnownFileType = sourcecode.swift; path = MainViewModel.swift; sourceTree = "<group>"; };
		07E1CB8F2D3814AA00F86BB8 /* LaunchScreen.storyboard */ = {isa = PBXFileReference; lastKnownFileType = file.storyboard; name = LaunchScreen.storyboard; path = Base.lproj/LaunchScreen.storyboard; sourceTree = "<group>"; };
		07F093102D2418380075659F /* Clokey.app */ = {isa = PBXFileReference; explicitFileType = wrapper.application; includeInIndex = 0; path = Clokey.app; sourceTree = BUILT_PRODUCTS_DIR; };
		A6548E522D3F47DE00F79B66 /* WeatherAPI.swift */ = {isa = PBXFileReference; lastKnownFileType = sourcecode.swift; path = WeatherAPI.swift; sourceTree = "<group>"; };
		A6D636A52D477E5A004D1463 /* ProfileView.swift */ = {isa = PBXFileReference; lastKnownFileType = sourcecode.swift; path = ProfileView.swift; sourceTree = "<group>"; };
		A6D636A62D477E5A004D1463 /* ProfileViewController.swift */ = {isa = PBXFileReference; lastKnownFileType = sourcecode.swift; path = ProfileViewController.swift; sourceTree = "<group>"; };
		A6D636A72D477E5A004D1463 /* ProfileModel.swift */ = {isa = PBXFileReference; lastKnownFileType = sourcecode.swift; path = ProfileModel.swift; sourceTree = "<group>"; };
/* End PBXFileReference section */

/* Begin PBXFileSystemSynchronizedRootGroup section */
		A62A42DD2D4D30F700672D3F /* Cells */ = {
			isa = PBXFileSystemSynchronizedRootGroup;
			path = Cells;
			sourceTree = "<group>";
		};
		A62A42E92D4D30F700672D3F /* ViewControllers */ = {
			isa = PBXFileSystemSynchronizedRootGroup;
			path = ViewControllers;
			sourceTree = "<group>";
		};
		A62A42F52D4D30F700672D3F /* Views */ = {
			isa = PBXFileSystemSynchronizedRootGroup;
			path = Views;
			sourceTree = "<group>";
		};
		A62A42FD2D4D30F700672D3F /* Models */ = {
			isa = PBXFileSystemSynchronizedRootGroup;
			path = Models;
			sourceTree = "<group>";
		};
/* End PBXFileSystemSynchronizedRootGroup section */

/* Begin PBXFrameworksBuildPhase section */
		07F0930D2D2418380075659F /* Frameworks */ = {
			isa = PBXFrameworksBuildPhase;
			buildActionMask = 2147483647;
			files = (
				07E1CAE52D3646C600F86BB8 /* RxMoya in Frameworks */,
				076FAB262D2E60A500FF3979 /* KakaoSDK in Frameworks */,
				076FAB1D2D2E5DD800FF3979 /* Then in Frameworks */,
				07E1CAE12D3646C600F86BB8 /* Moya in Frameworks */,
				076FAB2C2D2E60A500FF3979 /* KakaoSDKUser in Frameworks */,
				07E1CADF2D3646C600F86BB8 /* CombineMoya in Frameworks */,
				07E1CAE32D3646C600F86BB8 /* ReactiveMoya in Frameworks */,
				076FAB202D2E5DE700FF3979 /* SnapKit in Frameworks */,
				A6548E562D3F485B00F79B66 /* Kingfisher in Frameworks */,
				076FAB2A2D2E60A500FF3979 /* KakaoSDKCommon in Frameworks */,
				076FAB282D2E60A500FF3979 /* KakaoSDKAuth in Frameworks */,
			);
			runOnlyForDeploymentPostprocessing = 0;
		};
/* End PBXFrameworksBuildPhase section */

/* Begin PBXGroup section */
		070258A42D31071900065369 /* Main */ = {
			isa = PBXGroup;
			children = (
				070258A22D30FEC700065369 /* MainView.swift */,
				076FAB582D3020D800FF3979 /* MainViewController.swift */,
				07E1CB672D36B47C00F86BB8 /* MainViewModel.swift */,
			);
			path = Main;
			sourceTree = "<group>";
		};
		070258A62D31072000065369 /* Calendar */ = {
			isa = PBXGroup;
			children = (
				070258B12D3107C200065369 /* CalendarView.swift */,
				070258B32D3107C900065369 /* CalendarViewController.swift */,
			);
			path = Calendar;
			sourceTree = "<group>";
		};
		070258A72D31072800065369 /* AddCloth */ = {
			isa = PBXGroup;
			children = (
				070258B72D31083D00065369 /* AddClothView.swift */,
				070258B92D31084300065369 /* AddClothViewController.swift */,
			);
			path = AddCloth;
			sourceTree = "<group>";
		};
		070258A82D31074100065369 /* Closet */ = {
			isa = PBXGroup;
			children = (
				070258BD2D31085900065369 /* ClosetView.swift */,
				070258BF2D31086A00065369 /* ClosetViewController.swift */,
			);
			path = Closet;
			sourceTree = "<group>";
		};
		070258A92D31074500065369 /* Profile */ = {
			isa = PBXGroup;
			children = (
				A6D636A52D477E5A004D1463 /* ProfileView.swift */,
				A6D636A62D477E5A004D1463 /* ProfileViewController.swift */,
				A6D636A72D477E5A004D1463 /* ProfileModel.swift */,
			);
			path = Profile;
			sourceTree = "<group>";
		};
		070258AA2D31074E00065369 /* Login */ = {
			isa = PBXGroup;
			children = (
				076FAB492D2E748B00FF3979 /* LoginView.swift */,
				076FAB572D3020D800FF3979 /* LoginViewController.swift */,
			);
			path = Login;
			sourceTree = "<group>";
		};
		076FAB312D2E6E0200FF3979 /* Application */ = {
			isa = PBXGroup;
			children = (
				076FAB2F2D2E6E0200FF3979 /* AppDelegate.swift */,
				076FAB302D2E6E0200FF3979 /* SceneDelegate.swift */,
			);
			path = Application;
			sourceTree = "<group>";
		};
		076FAB342D2E6E0200FF3979 /* Resources */ = {
			isa = PBXGroup;
			children = (
				07E1CB902D3814AA00F86BB8 /* LaunchScreen.storyboard */,
				07E1CB2F2D364BD100F86BB8 /* Fonts */,
				076FAB322D2E6E0200FF3979 /* Assets.xcassets */,
				076FAB332D2E6E0200FF3979 /* Config.xcconfig */,
			);
			path = Resources;
			sourceTree = "<group>";
		};
		076FAB362D2E6E0200FF3979 /* Services */ = {
			isa = PBXGroup;
			children = (
				A6548E522D3F47DE00F79B66 /* WeatherAPI.swift */,
				076FAB4D2D2EBB3A00FF3979 /* KakaoAuthService.swift */,
			);
			path = Services;
			sourceTree = "<group>";
		};
		076FAB372D2E6E0200FF3979 /* Common */ = {
			isa = PBXGroup;
			children = (
				07E1CB492D3664C300F86BB8 /* Components */,
				07E1CB422D3662C300F86BB8 /* Extension */,
				07E1CB4A2D3668CE00F86BB8 /* Constants.swift */,
			);
			path = Common;
			sourceTree = "<group>";
		};
		076FAB3B2D2E6E0200FF3979 /* Sources */ = {
			isa = PBXGroup;
			children = (
				076FAB372D2E6E0200FF3979 /* Common */,
				07E1CADC2D36449B00F86BB8 /* Feature */,
				076FAB5C2D3020E100FF3979 /* Network */,
			);
			path = Sources;
			sourceTree = "<group>";
		};
		076FAB3D2D2E6E0200FF3979 /* Supporting Files */ = {
			isa = PBXGroup;
			children = (
				076FAB3C2D2E6E0200FF3979 /* Info.plist */,
			);
			path = "Supporting Files";
			sourceTree = "<group>";
		};
		076FAB3E2D2E6E0200FF3979 /* Clokey */ = {
			isa = PBXGroup;
			children = (
				070258A12D30DD0E00065369 /* Clokey.entitlements */,
				076FAB312D2E6E0200FF3979 /* Application */,
				076FAB342D2E6E0200FF3979 /* Resources */,
				076FAB3B2D2E6E0200FF3979 /* Sources */,
				076FAB3D2D2E6E0200FF3979 /* Supporting Files */,
			);
			path = Clokey;
			sourceTree = "<group>";
		};
		076FAB5C2D3020E100FF3979 /* Network */ = {
			isa = PBXGroup;
			children = (
			);
			path = Network;
			sourceTree = "<group>";
		};
		07E1CADC2D36449B00F86BB8 /* Feature */ = {
			isa = PBXGroup;
			children = (
				07E1CB652D36A63200F86BB8 /* ViewController.swift */,
				070258AA2D31074E00065369 /* Login */,
				070258A42D31071900065369 /* Main */,
				A62A42FE2D4D30F700672D3F /* Home */,
				070258A62D31072000065369 /* Calendar */,
				070258A72D31072800065369 /* AddCloth */,
				070258A82D31074100065369 /* Closet */,
				070258A92D31074500065369 /* Profile */,
				076FAB362D2E6E0200FF3979 /* Services */,
			);
			path = Feature;
			sourceTree = "<group>";
		};
		07E1CB2F2D364BD100F86BB8 /* Fonts */ = {
			isa = PBXGroup;
			children = (
				07E1CB302D364BDA00F86BB8 /* Pretendard-Black.otf */,
				07E1CB312D364BDA00F86BB8 /* Pretendard-Bold.otf */,
				07E1CB322D364BDA00F86BB8 /* Pretendard-ExtraBold.otf */,
				07E1CB332D364BDA00F86BB8 /* Pretendard-ExtraLight.otf */,
				07E1CB342D364BDA00F86BB8 /* Pretendard-Light.otf */,
				07E1CB352D364BDA00F86BB8 /* Pretendard-Medium.otf */,
				07E1CB362D364BDA00F86BB8 /* Pretendard-Regular.otf */,
				07E1CB372D364BDA00F86BB8 /* Pretendard-SemiBold.otf */,
				07E1CB382D364BDA00F86BB8 /* Pretendard-Thin.otf */,
			);
			path = Fonts;
			sourceTree = "<group>";
		};
		07E1CB422D3662C300F86BB8 /* Extension */ = {
			isa = PBXGroup;
			children = (
				07E1CB432D3662D900F86BB8 /* UIFont+Extensions.swift */,
				07E1CB452D3662EC00F86BB8 /* UIColor+Extension.swift */,
				07E1CB462D3662EC00F86BB8 /* UIImage+Extensions.swift */,
			);
			path = Extension;
			sourceTree = "<group>";
		};
		07E1CB492D3664C300F86BB8 /* Components */ = {
			isa = PBXGroup;
			children = (
				07E1CB5D2D36A10000F86BB8 /* CustomButton.swift */,
				07E1CB5E2D36A10000F86BB8 /* CustomButtonTextField.swift */,
				07E1CB4E2D36721900F86BB8 /* CustomNavigationBar.swift */,
				07E1CB572D3679A800F86BB8 /* CustomTextField.swift */,
			);
			path = Components;
			sourceTree = "<group>";
		};
		07F093072D2418380075659F = {
			isa = PBXGroup;
			children = (
				076FAB3E2D2E6E0200FF3979 /* Clokey */,
				07F093112D2418380075659F /* Products */,
			);
			sourceTree = "<group>";
		};
		07F093112D2418380075659F /* Products */ = {
			isa = PBXGroup;
			children = (
				07F093102D2418380075659F /* Clokey.app */,
			);
			name = Products;
			sourceTree = "<group>";
		};
		A62A42FE2D4D30F700672D3F /* Home */ = {
			isa = PBXGroup;
			children = (
				A62A42DD2D4D30F700672D3F /* Cells */,
				A62A42E92D4D30F700672D3F /* ViewControllers */,
				A62A42F52D4D30F700672D3F /* Views */,
				A62A42FD2D4D30F700672D3F /* Models */,
			);
			path = Home;
			sourceTree = "<group>";
		};
/* End PBXGroup section */

/* Begin PBXNativeTarget section */
		07F0930F2D2418380075659F /* Clokey */ = {
			isa = PBXNativeTarget;
			buildConfigurationList = 07F093232D24183A0075659F /* Build configuration list for PBXNativeTarget "Clokey" */;
			buildPhases = (
				07F0930C2D2418380075659F /* Sources */,
				07F0930D2D2418380075659F /* Frameworks */,
				07F0930E2D2418380075659F /* Resources */,
			);
			buildRules = (
			);
			dependencies = (
			);
			fileSystemSynchronizedGroups = (
				A62A42DD2D4D30F700672D3F /* Cells */,
				A62A42E92D4D30F700672D3F /* ViewControllers */,
				A62A42F52D4D30F700672D3F /* Views */,
				A62A42FD2D4D30F700672D3F /* Models */,
			);
			name = Clokey;
			packageProductDependencies = (
				076FAB1C2D2E5DD800FF3979 /* Then */,
				076FAB1F2D2E5DE700FF3979 /* SnapKit */,
				076FAB252D2E60A500FF3979 /* KakaoSDK */,
				076FAB272D2E60A500FF3979 /* KakaoSDKAuth */,
				076FAB292D2E60A500FF3979 /* KakaoSDKCommon */,
				076FAB2B2D2E60A500FF3979 /* KakaoSDKUser */,
				07E1CADE2D3646C600F86BB8 /* CombineMoya */,
				07E1CAE02D3646C600F86BB8 /* Moya */,
				07E1CAE22D3646C600F86BB8 /* ReactiveMoya */,
				07E1CAE42D3646C600F86BB8 /* RxMoya */,
				A6548E552D3F485B00F79B66 /* Kingfisher */,
			);
			productName = Clokey;
			productReference = 07F093102D2418380075659F /* Clokey.app */;
			productType = "com.apple.product-type.application";
		};
/* End PBXNativeTarget section */

/* Begin PBXProject section */
		07F093082D2418380075659F /* Project object */ = {
			isa = PBXProject;
			attributes = {
				BuildIndependentTargetsInParallel = 1;
				LastSwiftUpdateCheck = 1620;
				LastUpgradeCheck = 1620;
				TargetAttributes = {
					07F0930F2D2418380075659F = {
						CreatedOnToolsVersion = 16.2;
					};
				};
			};
			buildConfigurationList = 07F0930B2D2418380075659F /* Build configuration list for PBXProject "Clokey" */;
			developmentRegion = en;
			hasScannedForEncodings = 0;
			knownRegions = (
				en,
				Base,
			);
			mainGroup = 07F093072D2418380075659F;
			minimizedProjectReferenceProxies = 1;
			packageReferences = (
				076FAB1B2D2E5DD800FF3979 /* XCRemoteSwiftPackageReference "Then" */,
				076FAB1E2D2E5DE700FF3979 /* XCRemoteSwiftPackageReference "SnapKit" */,
				076FAB242D2E60A500FF3979 /* XCRemoteSwiftPackageReference "kakao-ios-sdk" */,
				07E1CADD2D3646C600F86BB8 /* XCRemoteSwiftPackageReference "Moya" */,
				A6548E542D3F485B00F79B66 /* XCRemoteSwiftPackageReference "Kingfisher" */,
			);
			preferredProjectObjectVersion = 77;
			productRefGroup = 07F093112D2418380075659F /* Products */;
			projectDirPath = "";
			projectRoot = "";
			targets = (
				07F0930F2D2418380075659F /* Clokey */,
			);
		};
/* End PBXProject section */

/* Begin PBXResourcesBuildPhase section */
		07F0930E2D2418380075659F /* Resources */ = {
			isa = PBXResourcesBuildPhase;
			buildActionMask = 2147483647;
			files = (
				07E1CB392D364BDA00F86BB8 /* Pretendard-Medium.otf in Resources */,
				07E1CB3A2D364BDA00F86BB8 /* Pretendard-Thin.otf in Resources */,
				07E1CB3B2D364BDA00F86BB8 /* Pretendard-Black.otf in Resources */,
				07E1CB3C2D364BDA00F86BB8 /* Pretendard-ExtraBold.otf in Resources */,
				07E1CB3D2D364BDA00F86BB8 /* Pretendard-Bold.otf in Resources */,
				07E1CB3E2D364BDA00F86BB8 /* Pretendard-Light.otf in Resources */,
				07E1CB3F2D364BDA00F86BB8 /* Pretendard-ExtraLight.otf in Resources */,
				07E1CB402D364BDA00F86BB8 /* Pretendard-SemiBold.otf in Resources */,
				07E1CB412D364BDA00F86BB8 /* Pretendard-Regular.otf in Resources */,
				07E1CB912D3814AA00F86BB8 /* LaunchScreen.storyboard in Resources */,
				076FAB422D2E6E0200FF3979 /* Assets.xcassets in Resources */,
			);
			runOnlyForDeploymentPostprocessing = 0;
		};
/* End PBXResourcesBuildPhase section */

/* Begin PBXSourcesBuildPhase section */
		07F0930C2D2418380075659F /* Sources */ = {
			isa = PBXSourcesBuildPhase;
			buildActionMask = 2147483647;
			files = (
				070258BE2D31085900065369 /* ClosetView.swift in Sources */,
				070258B22D3107C200065369 /* CalendarView.swift in Sources */,
				076FAB4E2D2EBB3A00FF3979 /* KakaoAuthService.swift in Sources */,
				070258A32D30FEC700065369 /* MainView.swift in Sources */,
				070258C02D31086A00065369 /* ClosetViewController.swift in Sources */,
				A6548E532D3F47DE00F79B66 /* WeatherAPI.swift in Sources */,
				07E1CB682D36B47C00F86BB8 /* MainViewModel.swift in Sources */,
				076FAB3F2D2E6E0200FF3979 /* AppDelegate.swift in Sources */,
				07E1CB4B2D3668CE00F86BB8 /* Constants.swift in Sources */,
				070258B82D31083D00065369 /* AddClothView.swift in Sources */,
				A6D636A82D477E5A004D1463 /* ProfileView.swift in Sources */,
				A6D636A92D477E5A004D1463 /* ProfileViewController.swift in Sources */,
				A6D636AA2D477E5A004D1463 /* ProfileModel.swift in Sources */,
				07E1CB5F2D36A10000F86BB8 /* CustomButton.swift in Sources */,
				07E1CB602D36A10000F86BB8 /* CustomButtonTextField.swift in Sources */,
				07E1CB662D36A63200F86BB8 /* ViewController.swift in Sources */,
				07E1CB472D3662EC00F86BB8 /* UIColor+Extension.swift in Sources */,
				07E1CB482D3662EC00F86BB8 /* UIImage+Extensions.swift in Sources */,
				07E1CB442D3662D900F86BB8 /* UIFont+Extensions.swift in Sources */,
				07E1CB582D3679A800F86BB8 /* CustomTextField.swift in Sources */,
				070258BA2D31084300065369 /* AddClothViewController.swift in Sources */,
				070258B42D3107C900065369 /* CalendarViewController.swift in Sources */,
				076FAB5A2D3020D800FF3979 /* LoginViewController.swift in Sources */,
				076FAB5B2D3020D800FF3979 /* MainViewController.swift in Sources */,
				07E1CB4F2D36721900F86BB8 /* CustomNavigationBar.swift in Sources */,
				076FAB402D2E6E0200FF3979 /* SceneDelegate.swift in Sources */,
				076FAB4A2D2E748B00FF3979 /* LoginView.swift in Sources */,
			);
			runOnlyForDeploymentPostprocessing = 0;
		};
/* End PBXSourcesBuildPhase section */

/* Begin PBXVariantGroup section */
		07E1CB902D3814AA00F86BB8 /* LaunchScreen.storyboard */ = {
			isa = PBXVariantGroup;
			children = (
				07E1CB8F2D3814AA00F86BB8 /* LaunchScreen.storyboard */,
			);
			name = LaunchScreen.storyboard;
			sourceTree = "<group>";
		};
/* End PBXVariantGroup section */

/* Begin XCBuildConfiguration section */
		07F093242D24183A0075659F /* Debug */ = {
			isa = XCBuildConfiguration;
			baseConfigurationReference = 076FAB332D2E6E0200FF3979 /* Config.xcconfig */;
			buildSettings = {
				ASSETCATALOG_COMPILER_APPICON_NAME = AppIcon;
				ASSETCATALOG_COMPILER_GLOBAL_ACCENT_COLOR_NAME = AccentColor;
				CODE_SIGN_ENTITLEMENTS = Clokey/Clokey.entitlements;
				CODE_SIGN_STYLE = Automatic;
				CURRENT_PROJECT_VERSION = 1;
				DEVELOPMENT_TEAM = BBVZV8T99P;
				GENERATE_INFOPLIST_FILE = YES;
				INFOPLIST_FILE = "Clokey/Supporting Files/Info.plist";
				INFOPLIST_KEY_UIApplicationSupportsIndirectInputEvents = YES;
				INFOPLIST_KEY_UILaunchStoryboardName = LaunchScreen;
				INFOPLIST_KEY_UISupportedInterfaceOrientations_iPad = "UIInterfaceOrientationPortrait UIInterfaceOrientationPortraitUpsideDown UIInterfaceOrientationLandscapeLeft UIInterfaceOrientationLandscapeRight";
				INFOPLIST_KEY_UISupportedInterfaceOrientations_iPhone = "UIInterfaceOrientationPortrait UIInterfaceOrientationLandscapeLeft UIInterfaceOrientationLandscapeRight";
				LD_RUNPATH_SEARCH_PATHS = (
					"$(inherited)",
					"@executable_path/Frameworks",
				);
				MARKETING_VERSION = 1.0;
				PRODUCT_BUNDLE_IDENTIFIER = edu.soongsil.cs.20213583.Clokey;
				PRODUCT_NAME = "$(TARGET_NAME)";
				SWIFT_EMIT_LOC_STRINGS = YES;
				SWIFT_VERSION = 5.0;
				TARGETED_DEVICE_FAMILY = "1,2";
			};
			name = Debug;
		};
		07F093252D24183A0075659F /* Release */ = {
			isa = XCBuildConfiguration;
			baseConfigurationReference = 076FAB332D2E6E0200FF3979 /* Config.xcconfig */;
			buildSettings = {
				ASSETCATALOG_COMPILER_APPICON_NAME = AppIcon;
				ASSETCATALOG_COMPILER_GLOBAL_ACCENT_COLOR_NAME = AccentColor;
				CODE_SIGN_ENTITLEMENTS = Clokey/Clokey.entitlements;
				CODE_SIGN_STYLE = Automatic;
				CURRENT_PROJECT_VERSION = 1;
				DEVELOPMENT_TEAM = BBVZV8T99P;
				GENERATE_INFOPLIST_FILE = YES;
				INFOPLIST_FILE = "Clokey/Supporting Files/Info.plist";
				INFOPLIST_KEY_UIApplicationSupportsIndirectInputEvents = YES;
				INFOPLIST_KEY_UILaunchStoryboardName = LaunchScreen;
				INFOPLIST_KEY_UISupportedInterfaceOrientations_iPad = "UIInterfaceOrientationPortrait UIInterfaceOrientationPortraitUpsideDown UIInterfaceOrientationLandscapeLeft UIInterfaceOrientationLandscapeRight";
				INFOPLIST_KEY_UISupportedInterfaceOrientations_iPhone = "UIInterfaceOrientationPortrait UIInterfaceOrientationLandscapeLeft UIInterfaceOrientationLandscapeRight";
				LD_RUNPATH_SEARCH_PATHS = (
					"$(inherited)",
					"@executable_path/Frameworks",
				);
				MARKETING_VERSION = 1.0;
				PRODUCT_BUNDLE_IDENTIFIER = edu.soongsil.cs.20213583.Clokey;
				PRODUCT_NAME = "$(TARGET_NAME)";
				SWIFT_EMIT_LOC_STRINGS = YES;
				SWIFT_VERSION = 5.0;
				TARGETED_DEVICE_FAMILY = "1,2";
			};
			name = Release;
		};
		07F093262D24183A0075659F /* Debug */ = {
			isa = XCBuildConfiguration;
			baseConfigurationReference = 076FAB332D2E6E0200FF3979 /* Config.xcconfig */;
			buildSettings = {
				ALWAYS_SEARCH_USER_PATHS = NO;
				ASSETCATALOG_COMPILER_GENERATE_SWIFT_ASSET_SYMBOL_EXTENSIONS = YES;
				CLANG_ANALYZER_NONNULL = YES;
				CLANG_ANALYZER_NUMBER_OBJECT_CONVERSION = YES_AGGRESSIVE;
				CLANG_CXX_LANGUAGE_STANDARD = "gnu++20";
				CLANG_ENABLE_MODULES = YES;
				CLANG_ENABLE_OBJC_ARC = YES;
				CLANG_ENABLE_OBJC_WEAK = YES;
				CLANG_WARN_BLOCK_CAPTURE_AUTORELEASING = YES;
				CLANG_WARN_BOOL_CONVERSION = YES;
				CLANG_WARN_COMMA = YES;
				CLANG_WARN_CONSTANT_CONVERSION = YES;
				CLANG_WARN_DEPRECATED_OBJC_IMPLEMENTATIONS = YES;
				CLANG_WARN_DIRECT_OBJC_ISA_USAGE = YES_ERROR;
				CLANG_WARN_DOCUMENTATION_COMMENTS = YES;
				CLANG_WARN_EMPTY_BODY = YES;
				CLANG_WARN_ENUM_CONVERSION = YES;
				CLANG_WARN_INFINITE_RECURSION = YES;
				CLANG_WARN_INT_CONVERSION = YES;
				CLANG_WARN_NON_LITERAL_NULL_CONVERSION = YES;
				CLANG_WARN_OBJC_IMPLICIT_RETAIN_SELF = YES;
				CLANG_WARN_OBJC_LITERAL_CONVERSION = YES;
				CLANG_WARN_OBJC_ROOT_CLASS = YES_ERROR;
				CLANG_WARN_QUOTED_INCLUDE_IN_FRAMEWORK_HEADER = YES;
				CLANG_WARN_RANGE_LOOP_ANALYSIS = YES;
				CLANG_WARN_STRICT_PROTOTYPES = YES;
				CLANG_WARN_SUSPICIOUS_MOVE = YES;
				CLANG_WARN_UNGUARDED_AVAILABILITY = YES_AGGRESSIVE;
				CLANG_WARN_UNREACHABLE_CODE = YES;
				CLANG_WARN__DUPLICATE_METHOD_MATCH = YES;
				COPY_PHASE_STRIP = NO;
				DEBUG_INFORMATION_FORMAT = dwarf;
				ENABLE_STRICT_OBJC_MSGSEND = YES;
				ENABLE_TESTABILITY = YES;
				ENABLE_USER_SCRIPT_SANDBOXING = YES;
				GCC_C_LANGUAGE_STANDARD = gnu17;
				GCC_DYNAMIC_NO_PIC = NO;
				GCC_NO_COMMON_BLOCKS = YES;
				GCC_OPTIMIZATION_LEVEL = 0;
				GCC_PREPROCESSOR_DEFINITIONS = (
					"DEBUG=1",
					"$(inherited)",
				);
				GCC_WARN_64_TO_32_BIT_CONVERSION = YES;
				GCC_WARN_ABOUT_RETURN_TYPE = YES_ERROR;
				GCC_WARN_UNDECLARED_SELECTOR = YES;
				GCC_WARN_UNINITIALIZED_AUTOS = YES_AGGRESSIVE;
				GCC_WARN_UNUSED_FUNCTION = YES;
				GCC_WARN_UNUSED_VARIABLE = YES;
				IPHONEOS_DEPLOYMENT_TARGET = 18.2;
				LOCALIZATION_PREFERS_STRING_CATALOGS = YES;
				MTL_ENABLE_DEBUG_INFO = INCLUDE_SOURCE;
				MTL_FAST_MATH = YES;
				ONLY_ACTIVE_ARCH = YES;
				SDKROOT = iphoneos;
				SWIFT_ACTIVE_COMPILATION_CONDITIONS = "DEBUG $(inherited)";
				SWIFT_OPTIMIZATION_LEVEL = "-Onone";
			};
			name = Debug;
		};
		07F093272D24183A0075659F /* Release */ = {
			isa = XCBuildConfiguration;
			baseConfigurationReference = 076FAB332D2E6E0200FF3979 /* Config.xcconfig */;
			buildSettings = {
				ALWAYS_SEARCH_USER_PATHS = NO;
				ASSETCATALOG_COMPILER_GENERATE_SWIFT_ASSET_SYMBOL_EXTENSIONS = YES;
				CLANG_ANALYZER_NONNULL = YES;
				CLANG_ANALYZER_NUMBER_OBJECT_CONVERSION = YES_AGGRESSIVE;
				CLANG_CXX_LANGUAGE_STANDARD = "gnu++20";
				CLANG_ENABLE_MODULES = YES;
				CLANG_ENABLE_OBJC_ARC = YES;
				CLANG_ENABLE_OBJC_WEAK = YES;
				CLANG_WARN_BLOCK_CAPTURE_AUTORELEASING = YES;
				CLANG_WARN_BOOL_CONVERSION = YES;
				CLANG_WARN_COMMA = YES;
				CLANG_WARN_CONSTANT_CONVERSION = YES;
				CLANG_WARN_DEPRECATED_OBJC_IMPLEMENTATIONS = YES;
				CLANG_WARN_DIRECT_OBJC_ISA_USAGE = YES_ERROR;
				CLANG_WARN_DOCUMENTATION_COMMENTS = YES;
				CLANG_WARN_EMPTY_BODY = YES;
				CLANG_WARN_ENUM_CONVERSION = YES;
				CLANG_WARN_INFINITE_RECURSION = YES;
				CLANG_WARN_INT_CONVERSION = YES;
				CLANG_WARN_NON_LITERAL_NULL_CONVERSION = YES;
				CLANG_WARN_OBJC_IMPLICIT_RETAIN_SELF = YES;
				CLANG_WARN_OBJC_LITERAL_CONVERSION = YES;
				CLANG_WARN_OBJC_ROOT_CLASS = YES_ERROR;
				CLANG_WARN_QUOTED_INCLUDE_IN_FRAMEWORK_HEADER = YES;
				CLANG_WARN_RANGE_LOOP_ANALYSIS = YES;
				CLANG_WARN_STRICT_PROTOTYPES = YES;
				CLANG_WARN_SUSPICIOUS_MOVE = YES;
				CLANG_WARN_UNGUARDED_AVAILABILITY = YES_AGGRESSIVE;
				CLANG_WARN_UNREACHABLE_CODE = YES;
				CLANG_WARN__DUPLICATE_METHOD_MATCH = YES;
				COPY_PHASE_STRIP = NO;
				DEBUG_INFORMATION_FORMAT = "dwarf-with-dsym";
				ENABLE_NS_ASSERTIONS = NO;
				ENABLE_STRICT_OBJC_MSGSEND = YES;
				ENABLE_USER_SCRIPT_SANDBOXING = YES;
				GCC_C_LANGUAGE_STANDARD = gnu17;
				GCC_NO_COMMON_BLOCKS = YES;
				GCC_WARN_64_TO_32_BIT_CONVERSION = YES;
				GCC_WARN_ABOUT_RETURN_TYPE = YES_ERROR;
				GCC_WARN_UNDECLARED_SELECTOR = YES;
				GCC_WARN_UNINITIALIZED_AUTOS = YES_AGGRESSIVE;
				GCC_WARN_UNUSED_FUNCTION = YES;
				GCC_WARN_UNUSED_VARIABLE = YES;
				IPHONEOS_DEPLOYMENT_TARGET = 18.2;
				LOCALIZATION_PREFERS_STRING_CATALOGS = YES;
				MTL_ENABLE_DEBUG_INFO = NO;
				MTL_FAST_MATH = YES;
				SDKROOT = iphoneos;
				SWIFT_COMPILATION_MODE = wholemodule;
				VALIDATE_PRODUCT = YES;
			};
			name = Release;
		};
/* End XCBuildConfiguration section */

/* Begin XCConfigurationList section */
		07F0930B2D2418380075659F /* Build configuration list for PBXProject "Clokey" */ = {
			isa = XCConfigurationList;
			buildConfigurations = (
				07F093262D24183A0075659F /* Debug */,
				07F093272D24183A0075659F /* Release */,
			);
			defaultConfigurationIsVisible = 0;
			defaultConfigurationName = Release;
		};
		07F093232D24183A0075659F /* Build configuration list for PBXNativeTarget "Clokey" */ = {
			isa = XCConfigurationList;
			buildConfigurations = (
				07F093242D24183A0075659F /* Debug */,
				07F093252D24183A0075659F /* Release */,
			);
			defaultConfigurationIsVisible = 0;
			defaultConfigurationName = Release;
		};
/* End XCConfigurationList section */

/* Begin XCRemoteSwiftPackageReference section */
		076FAB1B2D2E5DD800FF3979 /* XCRemoteSwiftPackageReference "Then" */ = {
			isa = XCRemoteSwiftPackageReference;
			repositoryURL = "https://github.com/devxoul/Then";
			requirement = {
				kind = upToNextMajorVersion;
				minimumVersion = 3.0.0;
			};
		};
		076FAB1E2D2E5DE700FF3979 /* XCRemoteSwiftPackageReference "SnapKit" */ = {
			isa = XCRemoteSwiftPackageReference;
			repositoryURL = "https://github.com/SnapKit/SnapKit";
			requirement = {
				kind = upToNextMajorVersion;
				minimumVersion = 5.7.1;
			};
		};
		076FAB242D2E60A500FF3979 /* XCRemoteSwiftPackageReference "kakao-ios-sdk" */ = {
			isa = XCRemoteSwiftPackageReference;
			repositoryURL = "https://github.com/kakao/kakao-ios-sdk";
			requirement = {
				kind = upToNextMajorVersion;
				minimumVersion = 2.23.0;
			};
		};
		07E1CADD2D3646C600F86BB8 /* XCRemoteSwiftPackageReference "Moya" */ = {
			isa = XCRemoteSwiftPackageReference;
			repositoryURL = "https://github.com/Moya/Moya";
			requirement = {
				kind = upToNextMajorVersion;
				minimumVersion = 15.0.3;
			};
		};
		A6548E542D3F485B00F79B66 /* XCRemoteSwiftPackageReference "Kingfisher" */ = {
			isa = XCRemoteSwiftPackageReference;
			repositoryURL = "https://github.com/onevcat/Kingfisher";
			requirement = {
				kind = upToNextMajorVersion;
				minimumVersion = 8.1.3;
			};
		};
/* End XCRemoteSwiftPackageReference section */

/* Begin XCSwiftPackageProductDependency section */
		076FAB1C2D2E5DD800FF3979 /* Then */ = {
			isa = XCSwiftPackageProductDependency;
			package = 076FAB1B2D2E5DD800FF3979 /* XCRemoteSwiftPackageReference "Then" */;
			productName = Then;
		};
		076FAB1F2D2E5DE700FF3979 /* SnapKit */ = {
			isa = XCSwiftPackageProductDependency;
			package = 076FAB1E2D2E5DE700FF3979 /* XCRemoteSwiftPackageReference "SnapKit" */;
			productName = SnapKit;
		};
		076FAB252D2E60A500FF3979 /* KakaoSDK */ = {
			isa = XCSwiftPackageProductDependency;
			package = 076FAB242D2E60A500FF3979 /* XCRemoteSwiftPackageReference "kakao-ios-sdk" */;
			productName = KakaoSDK;
		};
		076FAB272D2E60A500FF3979 /* KakaoSDKAuth */ = {
			isa = XCSwiftPackageProductDependency;
			package = 076FAB242D2E60A500FF3979 /* XCRemoteSwiftPackageReference "kakao-ios-sdk" */;
			productName = KakaoSDKAuth;
		};
		076FAB292D2E60A500FF3979 /* KakaoSDKCommon */ = {
			isa = XCSwiftPackageProductDependency;
			package = 076FAB242D2E60A500FF3979 /* XCRemoteSwiftPackageReference "kakao-ios-sdk" */;
			productName = KakaoSDKCommon;
		};
		076FAB2B2D2E60A500FF3979 /* KakaoSDKUser */ = {
			isa = XCSwiftPackageProductDependency;
			package = 076FAB242D2E60A500FF3979 /* XCRemoteSwiftPackageReference "kakao-ios-sdk" */;
			productName = KakaoSDKUser;
		};
		07E1CADE2D3646C600F86BB8 /* CombineMoya */ = {
			isa = XCSwiftPackageProductDependency;
			package = 07E1CADD2D3646C600F86BB8 /* XCRemoteSwiftPackageReference "Moya" */;
			productName = CombineMoya;
		};
		07E1CAE02D3646C600F86BB8 /* Moya */ = {
			isa = XCSwiftPackageProductDependency;
			package = 07E1CADD2D3646C600F86BB8 /* XCRemoteSwiftPackageReference "Moya" */;
			productName = Moya;
		};
		07E1CAE22D3646C600F86BB8 /* ReactiveMoya */ = {
			isa = XCSwiftPackageProductDependency;
			package = 07E1CADD2D3646C600F86BB8 /* XCRemoteSwiftPackageReference "Moya" */;
			productName = ReactiveMoya;
		};
		07E1CAE42D3646C600F86BB8 /* RxMoya */ = {
			isa = XCSwiftPackageProductDependency;
			package = 07E1CADD2D3646C600F86BB8 /* XCRemoteSwiftPackageReference "Moya" */;
			productName = RxMoya;
		};
		A6548E552D3F485B00F79B66 /* Kingfisher */ = {
			isa = XCSwiftPackageProductDependency;
			package = A6548E542D3F485B00F79B66 /* XCRemoteSwiftPackageReference "Kingfisher" */;
			productName = Kingfisher;
		};
/* End XCSwiftPackageProductDependency section */
	};
	rootObject = 07F093082D2418380075659F /* Project object */;
}
