// !$*UTF8*$!
{
	archiveVersion = 1;
	classes = {
	};
	objectVersion = 77;
	objects = {

/* Begin PBXBuildFile section */
		076FAB1D2D2E5DD800FF3979 /* Then in Frameworks */ = {isa = PBXBuildFile; productRef = 076FAB1C2D2E5DD800FF3979 /* Then */; };
		076FAB202D2E5DE700FF3979 /* SnapKit in Frameworks */ = {isa = PBXBuildFile; productRef = 076FAB1F2D2E5DE700FF3979 /* SnapKit */; };
		076FAB232D2E5FD600FF3979 /* Alamofire in Frameworks */ = {isa = PBXBuildFile; productRef = 076FAB222D2E5FD600FF3979 /* Alamofire */; };
		076FAB262D2E60A500FF3979 /* KakaoSDK in Frameworks */ = {isa = PBXBuildFile; productRef = 076FAB252D2E60A500FF3979 /* KakaoSDK */; };
		076FAB282D2E60A500FF3979 /* KakaoSDKAuth in Frameworks */ = {isa = PBXBuildFile; productRef = 076FAB272D2E60A500FF3979 /* KakaoSDKAuth */; };
		076FAB2A2D2E60A500FF3979 /* KakaoSDKCommon in Frameworks */ = {isa = PBXBuildFile; productRef = 076FAB292D2E60A500FF3979 /* KakaoSDKCommon */; };
		076FAB2C2D2E60A500FF3979 /* KakaoSDKUser in Frameworks */ = {isa = PBXBuildFile; productRef = 076FAB2B2D2E60A500FF3979 /* KakaoSDKUser */; };
		076FAB3F2D2E6E0200FF3979 /* AppDelegate.swift in Sources */ = {isa = PBXBuildFile; fileRef = 076FAB2F2D2E6E0200FF3979 /* AppDelegate.swift */; };
		076FAB402D2E6E0200FF3979 /* SceneDelegate.swift in Sources */ = {isa = PBXBuildFile; fileRef = 076FAB302D2E6E0200FF3979 /* SceneDelegate.swift */; };
		076FAB422D2E6E0200FF3979 /* Assets.xcassets in Resources */ = {isa = PBXBuildFile; fileRef = 076FAB322D2E6E0200FF3979 /* Assets.xcassets */; };
		076FAB432D2E6E0200FF3979 /* Config.xcconfig in Resources */ = {isa = PBXBuildFile; fileRef = 076FAB332D2E6E0200FF3979 /* Config.xcconfig */; };
		076FAB4A2D2E748B00FF3979 /* LoginView.swift in Sources */ = {isa = PBXBuildFile; fileRef = 076FAB492D2E748B00FF3979 /* LoginView.swift */; };
		076FAB4C2D2EBB1000FF3979 /* LoginViewModel.swift in Sources */ = {isa = PBXBuildFile; fileRef = 076FAB4B2D2EBB1000FF3979 /* LoginViewModel.swift */; };
		076FAB4E2D2EBB3A00FF3979 /* KakaoAuthService.swift in Sources */ = {isa = PBXBuildFile; fileRef = 076FAB4D2D2EBB3A00FF3979 /* KakaoAuthService.swift */; };
		076FAB5A2D3020D800FF3979 /* LoginViewController.swift in Sources */ = {isa = PBXBuildFile; fileRef = 076FAB572D3020D800FF3979 /* LoginViewController.swift */; };
		076FAB5B2D3020D800FF3979 /* MainViewController.swift in Sources */ = {isa = PBXBuildFile; fileRef = 076FAB582D3020D800FF3979 /* MainViewController.swift */; };
/* End PBXBuildFile section */

/* Begin PBXFileReference section */
		070258A12D30DD0E00065369 /* Clokey.entitlements */ = {isa = PBXFileReference; lastKnownFileType = text.plist.entitlements; path = Clokey.entitlements; sourceTree = "<group>"; };
		076FAB2F2D2E6E0200FF3979 /* AppDelegate.swift */ = {isa = PBXFileReference; lastKnownFileType = sourcecode.swift; path = AppDelegate.swift; sourceTree = "<group>"; };
		076FAB302D2E6E0200FF3979 /* SceneDelegate.swift */ = {isa = PBXFileReference; lastKnownFileType = sourcecode.swift; path = SceneDelegate.swift; sourceTree = "<group>"; };
		076FAB322D2E6E0200FF3979 /* Assets.xcassets */ = {isa = PBXFileReference; lastKnownFileType = folder.assetcatalog; path = Assets.xcassets; sourceTree = "<group>"; };
		076FAB332D2E6E0200FF3979 /* Config.xcconfig */ = {isa = PBXFileReference; lastKnownFileType = text.xcconfig; path = Config.xcconfig; sourceTree = "<group>"; };
		076FAB3C2D2E6E0200FF3979 /* Info.plist */ = {isa = PBXFileReference; lastKnownFileType = text.plist.xml; path = Info.plist; sourceTree = "<group>"; };
		076FAB492D2E748B00FF3979 /* LoginView.swift */ = {isa = PBXFileReference; lastKnownFileType = sourcecode.swift; path = LoginView.swift; sourceTree = "<group>"; };
		076FAB4B2D2EBB1000FF3979 /* LoginViewModel.swift */ = {isa = PBXFileReference; lastKnownFileType = sourcecode.swift; path = LoginViewModel.swift; sourceTree = "<group>"; };
		076FAB4D2D2EBB3A00FF3979 /* KakaoAuthService.swift */ = {isa = PBXFileReference; lastKnownFileType = sourcecode.swift; path = KakaoAuthService.swift; sourceTree = "<group>"; };
		076FAB572D3020D800FF3979 /* LoginViewController.swift */ = {isa = PBXFileReference; lastKnownFileType = sourcecode.swift; path = LoginViewController.swift; sourceTree = "<group>"; };
		076FAB582D3020D800FF3979 /* MainViewController.swift */ = {isa = PBXFileReference; lastKnownFileType = sourcecode.swift; path = MainViewController.swift; sourceTree = "<group>"; };
		07F093102D2418380075659F /* Clokey.app */ = {isa = PBXFileReference; explicitFileType = wrapper.application; includeInIndex = 0; path = Clokey.app; sourceTree = BUILT_PRODUCTS_DIR; };
/* End PBXFileReference section */

/* Begin PBXFrameworksBuildPhase section */
		07F0930D2D2418380075659F /* Frameworks */ = {
			isa = PBXFrameworksBuildPhase;
			buildActionMask = 2147483647;
			files = (
				076FAB232D2E5FD600FF3979 /* Alamofire in Frameworks */,
				076FAB262D2E60A500FF3979 /* KakaoSDK in Frameworks */,
				076FAB1D2D2E5DD800FF3979 /* Then in Frameworks */,
				076FAB2C2D2E60A500FF3979 /* KakaoSDKUser in Frameworks */,
				076FAB202D2E5DE700FF3979 /* SnapKit in Frameworks */,
				076FAB2A2D2E60A500FF3979 /* KakaoSDKCommon in Frameworks */,
				076FAB282D2E60A500FF3979 /* KakaoSDKAuth in Frameworks */,
			);
			runOnlyForDeploymentPostprocessing = 0;
		};
/* End PBXFrameworksBuildPhase section */

/* Begin PBXGroup section */
		076FAB312D2E6E0200FF3979 /* Application */ = {
			isa = PBXGroup;
			children = (
				076FAB2F2D2E6E0200FF3979 /* AppDelegate.swift */,
				076FAB302D2E6E0200FF3979 /* SceneDelegate.swift */,
			);
			path = Application;
			sourceTree = "<group>";
		};
		076FAB342D2E6E0200FF3979 /* Resources */ = {
			isa = PBXGroup;
			children = (
				076FAB322D2E6E0200FF3979 /* Assets.xcassets */,
				076FAB332D2E6E0200FF3979 /* Config.xcconfig */,
			);
			path = Resources;
			sourceTree = "<group>";
		};
		076FAB352D2E6E0200FF3979 /* Models */ = {
			isa = PBXGroup;
			children = (
			);
			path = Models;
			sourceTree = "<group>";
		};
		076FAB362D2E6E0200FF3979 /* Services */ = {
			isa = PBXGroup;
			children = (
				076FAB4D2D2EBB3A00FF3979 /* KakaoAuthService.swift */,
			);
			path = Services;
			sourceTree = "<group>";
		};
		076FAB372D2E6E0200FF3979 /* Utilities */ = {
			isa = PBXGroup;
			children = (
			);
			path = Utilities;
			sourceTree = "<group>";
		};
		076FAB392D2E6E0200FF3979 /* ViewModels */ = {
			isa = PBXGroup;
			children = (
				076FAB4B2D2EBB1000FF3979 /* LoginViewModel.swift */,
			);
			path = ViewModels;
			sourceTree = "<group>";
		};
		076FAB3A2D2E6E0200FF3979 /* Views */ = {
			isa = PBXGroup;
			children = (
				076FAB492D2E748B00FF3979 /* LoginView.swift */,
			);
			path = Views;
			sourceTree = "<group>";
		};
		076FAB3B2D2E6E0200FF3979 /* Sources */ = {
			isa = PBXGroup;
			children = (
				076FAB352D2E6E0200FF3979 /* Models */,
				076FAB3A2D2E6E0200FF3979 /* Views */,
				076FAB592D3020D800FF3979 /* ViewControllers */,
				076FAB392D2E6E0200FF3979 /* ViewModels */,
				076FAB362D2E6E0200FF3979 /* Services */,
				076FAB5C2D3020E100FF3979 /* Network */,
			);
			path = Sources;
			sourceTree = "<group>";
		};
		076FAB3D2D2E6E0200FF3979 /* Supporting Files */ = {
			isa = PBXGroup;
			children = (
				076FAB3C2D2E6E0200FF3979 /* Info.plist */,
			);
			path = "Supporting Files";
			sourceTree = "<group>";
		};
		076FAB3E2D2E6E0200FF3979 /* Clokey */ = {
			isa = PBXGroup;
			children = (
				070258A12D30DD0E00065369 /* Clokey.entitlements */,
				076FAB312D2E6E0200FF3979 /* Application */,
				076FAB342D2E6E0200FF3979 /* Resources */,
				076FAB3B2D2E6E0200FF3979 /* Sources */,
				076FAB372D2E6E0200FF3979 /* Utilities */,
				076FAB3D2D2E6E0200FF3979 /* Supporting Files */,
			);
			path = Clokey;
			sourceTree = "<group>";
		};
		076FAB592D3020D800FF3979 /* ViewControllers */ = {
			isa = PBXGroup;
			children = (
				076FAB572D3020D800FF3979 /* LoginViewController.swift */,
				076FAB582D3020D800FF3979 /* MainViewController.swift */,
			);
			path = ViewControllers;
			sourceTree = "<group>";
		};
		076FAB5C2D3020E100FF3979 /* Network */ = {
			isa = PBXGroup;
			children = (
			);
			path = Network;
			sourceTree = "<group>";
		};
		07F093072D2418380075659F = {
			isa = PBXGroup;
			children = (
				076FAB3E2D2E6E0200FF3979 /* Clokey */,
				07F093112D2418380075659F /* Products */,
			);
			sourceTree = "<group>";
		};
		07F093112D2418380075659F /* Products */ = {
			isa = PBXGroup;
			children = (
				07F093102D2418380075659F /* Clokey.app */,
			);
			name = Products;
			sourceTree = "<group>";
		};
/* End PBXGroup section */

/* Begin PBXNativeTarget section */
		07F0930F2D2418380075659F /* Clokey */ = {
			isa = PBXNativeTarget;
			buildConfigurationList = 07F093232D24183A0075659F /* Build configuration list for PBXNativeTarget "Clokey" */;
			buildPhases = (
				07F0930C2D2418380075659F /* Sources */,
				07F0930D2D2418380075659F /* Frameworks */,
				07F0930E2D2418380075659F /* Resources */,
			);
			buildRules = (
			);
			dependencies = (
			);
			name = Clokey;
			packageProductDependencies = (
				076FAB1C2D2E5DD800FF3979 /* Then */,
				076FAB1F2D2E5DE700FF3979 /* SnapKit */,
				076FAB222D2E5FD600FF3979 /* Alamofire */,
				076FAB252D2E60A500FF3979 /* KakaoSDK */,
				076FAB272D2E60A500FF3979 /* KakaoSDKAuth */,
				076FAB292D2E60A500FF3979 /* KakaoSDKCommon */,
				076FAB2B2D2E60A500FF3979 /* KakaoSDKUser */,
			);
			productName = Clokey;
			productReference = 07F093102D2418380075659F /* Clokey.app */;
			productType = "com.apple.product-type.application";
		};
/* End PBXNativeTarget section */

/* Begin PBXProject section */
		07F093082D2418380075659F /* Project object */ = {
			isa = PBXProject;
			attributes = {
				BuildIndependentTargetsInParallel = 1;
				LastSwiftUpdateCheck = 1620;
				LastUpgradeCheck = 1620;
				TargetAttributes = {
					07F0930F2D2418380075659F = {
						CreatedOnToolsVersion = 16.2;
					};
				};
			};
			buildConfigurationList = 07F0930B2D2418380075659F /* Build configuration list for PBXProject "Clokey" */;
			developmentRegion = en;
			hasScannedForEncodings = 0;
			knownRegions = (
				en,
				Base,
			);
			mainGroup = 07F093072D2418380075659F;
			minimizedProjectReferenceProxies = 1;
			packageReferences = (
				076FAB1B2D2E5DD800FF3979 /* XCRemoteSwiftPackageReference "Then" */,
				076FAB1E2D2E5DE700FF3979 /* XCRemoteSwiftPackageReference "SnapKit" */,
				076FAB212D2E5FD600FF3979 /* XCRemoteSwiftPackageReference "Alamofire" */,
				076FAB242D2E60A500FF3979 /* XCRemoteSwiftPackageReference "kakao-ios-sdk" */,
			);
			preferredProjectObjectVersion = 77;
			productRefGroup = 07F093112D2418380075659F /* Products */;
			projectDirPath = "";
			projectRoot = "";
			targets = (
				07F0930F2D2418380075659F /* Clokey */,
			);
		};
/* End PBXProject section */

/* Begin PBXResourcesBuildPhase section */
		07F0930E2D2418380075659F /* Resources */ = {
			isa = PBXResourcesBuildPhase;
			buildActionMask = 2147483647;
			files = (
				076FAB422D2E6E0200FF3979 /* Assets.xcassets in Resources */,
				076FAB432D2E6E0200FF3979 /* Config.xcconfig in Resources */,
			);
			runOnlyForDeploymentPostprocessing = 0;
		};
/* End PBXResourcesBuildPhase section */

/* Begin PBXSourcesBuildPhase section */
		07F0930C2D2418380075659F /* Sources */ = {
			isa = PBXSourcesBuildPhase;
			buildActionMask = 2147483647;
			files = (
				076FAB4E2D2EBB3A00FF3979 /* KakaoAuthService.swift in Sources */,
				076FAB3F2D2E6E0200FF3979 /* AppDelegate.swift in Sources */,
				076FAB4C2D2EBB1000FF3979 /* LoginViewModel.swift in Sources */,
				076FAB5A2D3020D800FF3979 /* LoginViewController.swift in Sources */,
				076FAB5B2D3020D800FF3979 /* MainViewController.swift in Sources */,
				076FAB402D2E6E0200FF3979 /* SceneDelegate.swift in Sources */,
				076FAB4A2D2E748B00FF3979 /* LoginView.swift in Sources */,
			);
			runOnlyForDeploymentPostprocessing = 0;
		};
/* End PBXSourcesBuildPhase section */

/* Begin XCBuildConfiguration section */
		07F093242D24183A0075659F /* Debug */ = {
			isa = XCBuildConfiguration;
			baseConfigurationReference = 076FAB332D2E6E0200FF3979 /* Config.xcconfig */;
			buildSettings = {
				ASSETCATALOG_COMPILER_APPICON_NAME = AppIcon;
				ASSETCATALOG_COMPILER_GLOBAL_ACCENT_COLOR_NAME = AccentColor;
				CODE_SIGN_ENTITLEMENTS = Clokey/Clokey.entitlements;
				CODE_SIGN_STYLE = Automatic;
				CURRENT_PROJECT_VERSION = 1;
				DEVELOPMENT_TEAM = BBVZV8T99P;
				GENERATE_INFOPLIST_FILE = YES;
				INFOPLIST_FILE = "Clokey/Supporting Files/Info.plist";
				INFOPLIST_KEY_UIApplicationSupportsIndirectInputEvents = YES;
				INFOPLIST_KEY_UILaunchStoryboardName = LaunchScreen;
				INFOPLIST_KEY_UISupportedInterfaceOrientations_iPad = "UIInterfaceOrientationPortrait UIInterfaceOrientationPortraitUpsideDown UIInterfaceOrientationLandscapeLeft UIInterfaceOrientationLandscapeRight";
				INFOPLIST_KEY_UISupportedInterfaceOrientations_iPhone = "UIInterfaceOrientationPortrait UIInterfaceOrientationLandscapeLeft UIInterfaceOrientationLandscapeRight";
				LD_RUNPATH_SEARCH_PATHS = (
					"$(inherited)",
					"@executable_path/Frameworks",
				);
				MARKETING_VERSION = 1.0;
				PRODUCT_BUNDLE_IDENTIFIER = edu.soongsil.cs.20213583.Clokey;
				PRODUCT_NAME = "$(TARGET_NAME)";
				SWIFT_EMIT_LOC_STRINGS = YES;
				SWIFT_VERSION = 5.0;
				TARGETED_DEVICE_FAMILY = "1,2";
			};
			name = Debug;
		};
		07F093252D24183A0075659F /* Release */ = {
			isa = XCBuildConfiguration;
			baseConfigurationReference = 076FAB332D2E6E0200FF3979 /* Config.xcconfig */;
			buildSettings = {
				ASSETCATALOG_COMPILER_APPICON_NAME = AppIcon;
				ASSETCATALOG_COMPILER_GLOBAL_ACCENT_COLOR_NAME = AccentColor;
				CODE_SIGN_ENTITLEMENTS = Clokey/Clokey.entitlements;
				CODE_SIGN_STYLE = Automatic;
				CURRENT_PROJECT_VERSION = 1;
				DEVELOPMENT_TEAM = BBVZV8T99P;
				GENERATE_INFOPLIST_FILE = YES;
				INFOPLIST_FILE = "Clokey/Supporting Files/Info.plist";
				INFOPLIST_KEY_UIApplicationSupportsIndirectInputEvents = YES;
				INFOPLIST_KEY_UILaunchStoryboardName = LaunchScreen;
				INFOPLIST_KEY_UISupportedInterfaceOrientations_iPad = "UIInterfaceOrientationPortrait UIInterfaceOrientationPortraitUpsideDown UIInterfaceOrientationLandscapeLeft UIInterfaceOrientationLandscapeRight";
				INFOPLIST_KEY_UISupportedInterfaceOrientations_iPhone = "UIInterfaceOrientationPortrait UIInterfaceOrientationLandscapeLeft UIInterfaceOrientationLandscapeRight";
				LD_RUNPATH_SEARCH_PATHS = (
					"$(inherited)",
					"@executable_path/Frameworks",
				);
				MARKETING_VERSION = 1.0;
				PRODUCT_BUNDLE_IDENTIFIER = edu.soongsil.cs.20213583.Clokey;
				PRODUCT_NAME = "$(TARGET_NAME)";
				SWIFT_EMIT_LOC_STRINGS = YES;
				SWIFT_VERSION = 5.0;
				TARGETED_DEVICE_FAMILY = "1,2";
			};
			name = Release;
		};
		07F093262D24183A0075659F /* Debug */ = {
			isa = XCBuildConfiguration;
			baseConfigurationReference = 076FAB332D2E6E0200FF3979 /* Config.xcconfig */;
			buildSettings = {
				ALWAYS_SEARCH_USER_PATHS = NO;
				ASSETCATALOG_COMPILER_GENERATE_SWIFT_ASSET_SYMBOL_EXTENSIONS = YES;
				CLANG_ANALYZER_NONNULL = YES;
				CLANG_ANALYZER_NUMBER_OBJECT_CONVERSION = YES_AGGRESSIVE;
				CLANG_CXX_LANGUAGE_STANDARD = "gnu++20";
				CLANG_ENABLE_MODULES = YES;
				CLANG_ENABLE_OBJC_ARC = YES;
				CLANG_ENABLE_OBJC_WEAK = YES;
				CLANG_WARN_BLOCK_CAPTURE_AUTORELEASING = YES;
				CLANG_WARN_BOOL_CONVERSION = YES;
				CLANG_WARN_COMMA = YES;
				CLANG_WARN_CONSTANT_CONVERSION = YES;
				CLANG_WARN_DEPRECATED_OBJC_IMPLEMENTATIONS = YES;
				CLANG_WARN_DIRECT_OBJC_ISA_USAGE = YES_ERROR;
				CLANG_WARN_DOCUMENTATION_COMMENTS = YES;
				CLANG_WARN_EMPTY_BODY = YES;
				CLANG_WARN_ENUM_CONVERSION = YES;
				CLANG_WARN_INFINITE_RECURSION = YES;
				CLANG_WARN_INT_CONVERSION = YES;
				CLANG_WARN_NON_LITERAL_NULL_CONVERSION = YES;
				CLANG_WARN_OBJC_IMPLICIT_RETAIN_SELF = YES;
				CLANG_WARN_OBJC_LITERAL_CONVERSION = YES;
				CLANG_WARN_OBJC_ROOT_CLASS = YES_ERROR;
				CLANG_WARN_QUOTED_INCLUDE_IN_FRAMEWORK_HEADER = YES;
				CLANG_WARN_RANGE_LOOP_ANALYSIS = YES;
				CLANG_WARN_STRICT_PROTOTYPES = YES;
				CLANG_WARN_SUSPICIOUS_MOVE = YES;
				CLANG_WARN_UNGUARDED_AVAILABILITY = YES_AGGRESSIVE;
				CLANG_WARN_UNREACHABLE_CODE = YES;
				CLANG_WARN__DUPLICATE_METHOD_MATCH = YES;
				COPY_PHASE_STRIP = NO;
				DEBUG_INFORMATION_FORMAT = dwarf;
				ENABLE_STRICT_OBJC_MSGSEND = YES;
				ENABLE_TESTABILITY = YES;
				ENABLE_USER_SCRIPT_SANDBOXING = YES;
				GCC_C_LANGUAGE_STANDARD = gnu17;
				GCC_DYNAMIC_NO_PIC = NO;
				GCC_NO_COMMON_BLOCKS = YES;
				GCC_OPTIMIZATION_LEVEL = 0;
				GCC_PREPROCESSOR_DEFINITIONS = (
					"DEBUG=1",
					"$(inherited)",
				);
				GCC_WARN_64_TO_32_BIT_CONVERSION = YES;
				GCC_WARN_ABOUT_RETURN_TYPE = YES_ERROR;
				GCC_WARN_UNDECLARED_SELECTOR = YES;
				GCC_WARN_UNINITIALIZED_AUTOS = YES_AGGRESSIVE;
				GCC_WARN_UNUSED_FUNCTION = YES;
				GCC_WARN_UNUSED_VARIABLE = YES;
				IPHONEOS_DEPLOYMENT_TARGET = 18.2;
				LOCALIZATION_PREFERS_STRING_CATALOGS = YES;
				MTL_ENABLE_DEBUG_INFO = INCLUDE_SOURCE;
				MTL_FAST_MATH = YES;
				ONLY_ACTIVE_ARCH = YES;
				SDKROOT = iphoneos;
				SWIFT_ACTIVE_COMPILATION_CONDITIONS = "DEBUG $(inherited)";
				SWIFT_OPTIMIZATION_LEVEL = "-Onone";
			};
			name = Debug;
		};
		07F093272D24183A0075659F /* Release */ = {
			isa = XCBuildConfiguration;
			baseConfigurationReference = 076FAB332D2E6E0200FF3979 /* Config.xcconfig */;
			buildSettings = {
				ALWAYS_SEARCH_USER_PATHS = NO;
				ASSETCATALOG_COMPILER_GENERATE_SWIFT_ASSET_SYMBOL_EXTENSIONS = YES;
				CLANG_ANALYZER_NONNULL = YES;
				CLANG_ANALYZER_NUMBER_OBJECT_CONVERSION = YES_AGGRESSIVE;
				CLANG_CXX_LANGUAGE_STANDARD = "gnu++20";
				CLANG_ENABLE_MODULES = YES;
				CLANG_ENABLE_OBJC_ARC = YES;
				CLANG_ENABLE_OBJC_WEAK = YES;
				CLANG_WARN_BLOCK_CAPTURE_AUTORELEASING = YES;
				CLANG_WARN_BOOL_CONVERSION = YES;
				CLANG_WARN_COMMA = YES;
				CLANG_WARN_CONSTANT_CONVERSION = YES;
				CLANG_WARN_DEPRECATED_OBJC_IMPLEMENTATIONS = YES;
				CLANG_WARN_DIRECT_OBJC_ISA_USAGE = YES_ERROR;
				CLANG_WARN_DOCUMENTATION_COMMENTS = YES;
				CLANG_WARN_EMPTY_BODY = YES;
				CLANG_WARN_ENUM_CONVERSION = YES;
				CLANG_WARN_INFINITE_RECURSION = YES;
				CLANG_WARN_INT_CONVERSION = YES;
				CLANG_WARN_NON_LITERAL_NULL_CONVERSION = YES;
				CLANG_WARN_OBJC_IMPLICIT_RETAIN_SELF = YES;
				CLANG_WARN_OBJC_LITERAL_CONVERSION = YES;
				CLANG_WARN_OBJC_ROOT_CLASS = YES_ERROR;
				CLANG_WARN_QUOTED_INCLUDE_IN_FRAMEWORK_HEADER = YES;
				CLANG_WARN_RANGE_LOOP_ANALYSIS = YES;
				CLANG_WARN_STRICT_PROTOTYPES = YES;
				CLANG_WARN_SUSPICIOUS_MOVE = YES;
				CLANG_WARN_UNGUARDED_AVAILABILITY = YES_AGGRESSIVE;
				CLANG_WARN_UNREACHABLE_CODE = YES;
				CLANG_WARN__DUPLICATE_METHOD_MATCH = YES;
				COPY_PHASE_STRIP = NO;
				DEBUG_INFORMATION_FORMAT = "dwarf-with-dsym";
				ENABLE_NS_ASSERTIONS = NO;
				ENABLE_STRICT_OBJC_MSGSEND = YES;
				ENABLE_USER_SCRIPT_SANDBOXING = YES;
				GCC_C_LANGUAGE_STANDARD = gnu17;
				GCC_NO_COMMON_BLOCKS = YES;
				GCC_WARN_64_TO_32_BIT_CONVERSION = YES;
				GCC_WARN_ABOUT_RETURN_TYPE = YES_ERROR;
				GCC_WARN_UNDECLARED_SELECTOR = YES;
				GCC_WARN_UNINITIALIZED_AUTOS = YES_AGGRESSIVE;
				GCC_WARN_UNUSED_FUNCTION = YES;
				GCC_WARN_UNUSED_VARIABLE = YES;
				IPHONEOS_DEPLOYMENT_TARGET = 18.2;
				LOCALIZATION_PREFERS_STRING_CATALOGS = YES;
				MTL_ENABLE_DEBUG_INFO = NO;
				MTL_FAST_MATH = YES;
				SDKROOT = iphoneos;
				SWIFT_COMPILATION_MODE = wholemodule;
				VALIDATE_PRODUCT = YES;
			};
			name = Release;
		};
/* End XCBuildConfiguration section */

/* Begin XCConfigurationList section */
		07F0930B2D2418380075659F /* Build configuration list for PBXProject "Clokey" */ = {
			isa = XCConfigurationList;
			buildConfigurations = (
				07F093262D24183A0075659F /* Debug */,
				07F093272D24183A0075659F /* Release */,
			);
			defaultConfigurationIsVisible = 0;
			defaultConfigurationName = Release;
		};
		07F093232D24183A0075659F /* Build configuration list for PBXNativeTarget "Clokey" */ = {
			isa = XCConfigurationList;
			buildConfigurations = (
				07F093242D24183A0075659F /* Debug */,
				07F093252D24183A0075659F /* Release */,
			);
			defaultConfigurationIsVisible = 0;
			defaultConfigurationName = Release;
		};
/* End XCConfigurationList section */

/* Begin XCRemoteSwiftPackageReference section */
		076FAB1B2D2E5DD800FF3979 /* XCRemoteSwiftPackageReference "Then" */ = {
			isa = XCRemoteSwiftPackageReference;
			repositoryURL = "https://github.com/devxoul/Then";
			requirement = {
				kind = upToNextMajorVersion;
				minimumVersion = 3.0.0;
			};
		};
		076FAB1E2D2E5DE700FF3979 /* XCRemoteSwiftPackageReference "SnapKit" */ = {
			isa = XCRemoteSwiftPackageReference;
			repositoryURL = "https://github.com/SnapKit/SnapKit";
			requirement = {
				kind = upToNextMajorVersion;
				minimumVersion = 5.7.1;
			};
		};
		076FAB212D2E5FD600FF3979 /* XCRemoteSwiftPackageReference "Alamofire" */ = {
			isa = XCRemoteSwiftPackageReference;
			repositoryURL = "https://github.com/Alamofire/Alamofire";
			requirement = {
				kind = upToNextMajorVersion;
				minimumVersion = 5.10.2;
			};
		};
		076FAB242D2E60A500FF3979 /* XCRemoteSwiftPackageReference "kakao-ios-sdk" */ = {
			isa = XCRemoteSwiftPackageReference;
			repositoryURL = "https://github.com/kakao/kakao-ios-sdk";
			requirement = {
				kind = upToNextMajorVersion;
				minimumVersion = 2.23.0;
			};
		};
/* End XCRemoteSwiftPackageReference section */

/* Begin XCSwiftPackageProductDependency section */
		076FAB1C2D2E5DD800FF3979 /* Then */ = {
			isa = XCSwiftPackageProductDependency;
			package = 076FAB1B2D2E5DD800FF3979 /* XCRemoteSwiftPackageReference "Then" */;
			productName = Then;
		};
		076FAB1F2D2E5DE700FF3979 /* SnapKit */ = {
			isa = XCSwiftPackageProductDependency;
			package = 076FAB1E2D2E5DE700FF3979 /* XCRemoteSwiftPackageReference "SnapKit" */;
			productName = SnapKit;
		};
		076FAB222D2E5FD600FF3979 /* Alamofire */ = {
			isa = XCSwiftPackageProductDependency;
			package = 076FAB212D2E5FD600FF3979 /* XCRemoteSwiftPackageReference "Alamofire" */;
			productName = Alamofire;
		};
		076FAB252D2E60A500FF3979 /* KakaoSDK */ = {
			isa = XCSwiftPackageProductDependency;
			package = 076FAB242D2E60A500FF3979 /* XCRemoteSwiftPackageReference "kakao-ios-sdk" */;
			productName = KakaoSDK;
		};
		076FAB272D2E60A500FF3979 /* KakaoSDKAuth */ = {
			isa = XCSwiftPackageProductDependency;
			package = 076FAB242D2E60A500FF3979 /* XCRemoteSwiftPackageReference "kakao-ios-sdk" */;
			productName = KakaoSDKAuth;
		};
		076FAB292D2E60A500FF3979 /* KakaoSDKCommon */ = {
			isa = XCSwiftPackageProductDependency;
			package = 076FAB242D2E60A500FF3979 /* XCRemoteSwiftPackageReference "kakao-ios-sdk" */;
			productName = KakaoSDKCommon;
		};
		076FAB2B2D2E60A500FF3979 /* KakaoSDKUser */ = {
			isa = XCSwiftPackageProductDependency;
			package = 076FAB242D2E60A500FF3979 /* XCRemoteSwiftPackageReference "kakao-ios-sdk" */;
			productName = KakaoSDKUser;
		};
/* End XCSwiftPackageProductDependency section */
	};
	rootObject = 07F093082D2418380075659F /* Project object */;
}
